
Microsoft Visual Studio Solution File, Format Version 12.00
# Visual Studio Version 16
VisualStudioVersion = 16.0.29319.158
MinimumVisualStudioVersion = 10.0.40219.1
Project("{FAE04EC0-301F-11D3-BF4B-00C04F79EFBC}") = "NetCoreAngular", "NetCoreAngular\NetCoreAngular.csproj", "{DDE63C73-4760-45CF-AC42-D8845DF2356D}"
EndProject
Project("{9A19103F-16F7-4668-BE54-9A1E7A4F7556}") = "CoreLibrary", "CoreLibrary\CoreLibrary.csproj", "{2841681B-E99B-43E3-98FE-3D50BBDB73DD}"
EndProject
Global
	GlobalSection(SolutionConfigurationPlatforms) = preSolution
		Debug|Any CPU = Debug|Any CPU
		Release|Any CPU = Release|Any CPU
	EndGlobalSection
	GlobalSection(ProjectConfigurationPlatforms) = postSolution
		{DDE63C73-4760-45CF-AC42-D8845DF2356D}.Debug|Any CPU.ActiveCfg = Debug|Any CPU
		{DDE63C73-4760-45CF-AC42-D8845DF2356D}.Debug|Any CPU.Build.0 = Debug|Any CPU
		{DDE63C73-4760-45CF-AC42-D8845DF2356D}.Release|Any CPU.ActiveCfg = Release|Any CPU
		{DDE63C73-4760-45CF-AC42-D8845DF2356D}.Release|Any CPU.Build.0 = Release|Any CPU
		{2841681B-E99B-43E3-98FE-3D50BBDB73DD}.Debug|Any CPU.ActiveCfg = Debug|Any CPU
		{2841681B-E99B-43E3-98FE-3D50BBDB73DD}.Debug|Any CPU.Build.0 = Debug|Any CPU
		{2841681B-E99B-43E3-98FE-3D50BBDB73DD}.Release|Any CPU.ActiveCfg = Release|Any CPU
		{2841681B-E99B-43E3-98FE-3D50BBDB73DD}.Release|Any CPU.Build.0 = Release|Any CPU
	EndGlobalSection
	GlobalSection(SolutionProperties) = preSolution
		HideSolutionNode = FALSE
	EndGlobalSection
	GlobalSection(ExtensibilityGlobals) = postSolution
		SolutionGuid = {FD252E19-2EEF-471D-8925-057AF24FA26B}
	EndGlobalSection
EndGlobal
